// !$*UTF8*$!
{
	archiveVersion = 1;
	classes = {
	};
	objectVersion = 50;
	objects = {

/* Begin PBXBuildFile section */
		1BDBC12B2118662C00835296 /* AppDelegate.m in Sources */ = {isa = PBXBuildFile; fileRef = 1BDBC12A2118662C00835296 /* AppDelegate.m */; };
		1BDBC12E2118662C00835296 /* ViewController.m in Sources */ = {isa = PBXBuildFile; fileRef = 1BDBC12D2118662C00835296 /* ViewController.m */; };
		1BDBC1312118662C00835296 /* Main.storyboard in Resources */ = {isa = PBXBuildFile; fileRef = 1BDBC12F2118662C00835296 /* Main.storyboard */; };
		1BDBC1332118662D00835296 /* Assets.xcassets in Resources */ = {isa = PBXBuildFile; fileRef = 1BDBC1322118662D00835296 /* Assets.xcassets */; };
		1BDBC1362118662D00835296 /* LaunchScreen.storyboard in Resources */ = {isa = PBXBuildFile; fileRef = 1BDBC1342118662D00835296 /* LaunchScreen.storyboard */; };
		1BDBC1392118662D00835296 /* main.m in Sources */ = {isa = PBXBuildFile; fileRef = 1BDBC1382118662D00835296 /* main.m */; };
		1BDBC141211867AE00835296 /* dengluViewController.m in Sources */ = {isa = PBXBuildFile; fileRef = 1BDBC140211867AE00835296 /* dengluViewController.m */; };
		1BDBC144211867B600835296 /* zhuceViewController.m in Sources */ = {isa = PBXBuildFile; fileRef = 1BDBC143211867B600835296 /* zhuceViewController.m */; };
		1BDBC1472118693C00835296 /* pengyouquanViewController.m in Sources */ = {isa = PBXBuildFile; fileRef = 1BDBC1462118693C00835296 /* pengyouquanViewController.m */; };
		1BDBC1492118698600835296 /* 账户.png in Resources */ = {isa = PBXBuildFile; fileRef = 1BDBC1482118698600835296 /* 账户.png */; };
		1BDBC14B211869A800835296 /* 关于.png in Resources */ = {isa = PBXBuildFile; fileRef = 1BDBC14A211869A800835296 /* 关于.png */; };
		1BDBC14D211869AE00835296 /* 朋友.png in Resources */ = {isa = PBXBuildFile; fileRef = 1BDBC14C211869AE00835296 /* 朋友.png */; };
		1BDBC1502118738F00835296 /* firstTableViewCell.m in Sources */ = {isa = PBXBuildFile; fileRef = 1BDBC14F2118738F00835296 /* firstTableViewCell.m */; };
		1BDBC1532118739800835296 /* secondTableViewCell.m in Sources */ = {isa = PBXBuildFile; fileRef = 1BDBC1522118739800835296 /* secondTableViewCell.m */; };
		1BDBC1552118747600835296 /* timg-13.jpeg in Resources */ = {isa = PBXBuildFile; fileRef = 1BDBC1542118747500835296 /* timg-13.jpeg */; };
		1BDBC1572118762500835296 /* timg-3.jpeg in Resources */ = {isa = PBXBuildFile; fileRef = 1BDBC1562118762400835296 /* timg-3.jpeg */; };
		1BDBC159211877ED00835296 /* 11.jpg in Resources */ = {isa = PBXBuildFile; fileRef = 1BDBC158211877ED00835296 /* 11.jpg */; };
		1BDBC15B211877F100835296 /* 15.jpg in Resources */ = {isa = PBXBuildFile; fileRef = 1BDBC15A211877F100835296 /* 15.jpg */; };
		1BDBC15D21187C7800835296 /* 16.jpg in Resources */ = {isa = PBXBuildFile; fileRef = 1BDBC15C21187C7800835296 /* 16.jpg */; };
		1BDBC15F21187C7C00835296 /* 13.jpg in Resources */ = {isa = PBXBuildFile; fileRef = 1BDBC15E21187C7C00835296 /* 13.jpg */; };
		1BDBC16221187CE800835296 /* TXLViewController.m in Sources */ = {isa = PBXBuildFile; fileRef = 1BDBC16121187CE800835296 /* TXLViewController.m */; };
/* End PBXBuildFile section */

/* Begin PBXFileReference section */
		1BDBC1262118662C00835296 /* text.app */ = {isa = PBXFileReference; explicitFileType = wrapper.application; includeInIndex = 0; path = text.app; sourceTree = BUILT_PRODUCTS_DIR; };
		1BDBC1292118662C00835296 /* AppDelegate.h */ = {isa = PBXFileReference; lastKnownFileType = sourcecode.c.h; path = AppDelegate.h; sourceTree = "<group>"; };
		1BDBC12A2118662C00835296 /* AppDelegate.m */ = {isa = PBXFileReference; lastKnownFileType = sourcecode.c.objc; path = AppDelegate.m; sourceTree = "<group>"; };
		1BDBC12C2118662C00835296 /* ViewController.h */ = {isa = PBXFileReference; lastKnownFileType = sourcecode.c.h; path = ViewController.h; sourceTree = "<group>"; };
		1BDBC12D2118662C00835296 /* ViewController.m */ = {isa = PBXFileReference; lastKnownFileType = sourcecode.c.objc; path = ViewController.m; sourceTree = "<group>"; };
		1BDBC1302118662C00835296 /* Base */ = {isa = PBXFileReference; lastKnownFileType = file.storyboard; name = Base; path = Base.lproj/Main.storyboard; sourceTree = "<group>"; };
		1BDBC1322118662D00835296 /* Assets.xcassets */ = {isa = PBXFileReference; lastKnownFileType = folder.assetcatalog; path = Assets.xcassets; sourceTree = "<group>"; };
		1BDBC1352118662D00835296 /* Base */ = {isa = PBXFileReference; lastKnownFileType = file.storyboard; name = Base; path = Base.lproj/LaunchScreen.storyboard; sourceTree = "<group>"; };
		1BDBC1372118662D00835296 /* Info.plist */ = {isa = PBXFileReference; lastKnownFileType = text.plist.xml; path = Info.plist; sourceTree = "<group>"; };
		1BDBC1382118662D00835296 /* main.m */ = {isa = PBXFileReference; lastKnownFileType = sourcecode.c.objc; path = main.m; sourceTree = "<group>"; };
		1BDBC13F211867AE00835296 /* dengluViewController.h */ = {isa = PBXFileReference; lastKnownFileType = sourcecode.c.h; path = dengluViewController.h; sourceTree = "<group>"; };
		1BDBC140211867AE00835296 /* dengluViewController.m */ = {isa = PBXFileReference; lastKnownFileType = sourcecode.c.objc; path = dengluViewController.m; sourceTree = "<group>"; };
		1BDBC142211867B600835296 /* zhuceViewController.h */ = {isa = PBXFileReference; lastKnownFileType = sourcecode.c.h; path = zhuceViewController.h; sourceTree = "<group>"; };
		1BDBC143211867B600835296 /* zhuceViewController.m */ = {isa = PBXFileReference; lastKnownFileType = sourcecode.c.objc; path = zhuceViewController.m; sourceTree = "<group>"; };
		1BDBC1452118693C00835296 /* pengyouquanViewController.h */ = {isa = PBXFileReference; lastKnownFileType = sourcecode.c.h; path = pengyouquanViewController.h; sourceTree = "<group>"; };
		1BDBC1462118693C00835296 /* pengyouquanViewController.m */ = {isa = PBXFileReference; lastKnownFileType = sourcecode.c.objc; path = pengyouquanViewController.m; sourceTree = "<group>"; };
		1BDBC1482118698600835296 /* 账户.png */ = {isa = PBXFileReference; lastKnownFileType = image.png; path = "账户.png"; sourceTree = "<group>"; };
		1BDBC14A211869A800835296 /* 关于.png */ = {isa = PBXFileReference; lastKnownFileType = image.png; path = "关于.png"; sourceTree = "<group>"; };
		1BDBC14C211869AE00835296 /* 朋友.png */ = {isa = PBXFileReference; lastKnownFileType = image.png; path = "朋友.png"; sourceTree = "<group>"; };
		1BDBC14E2118738F00835296 /* firstTableViewCell.h */ = {isa = PBXFileReference; lastKnownFileType = sourcecode.c.h; path = firstTableViewCell.h; sourceTree = "<group>"; };
		1BDBC14F2118738F00835296 /* firstTableViewCell.m */ = {isa = PBXFileReference; lastKnownFileType = sourcecode.c.objc; path = firstTableViewCell.m; sourceTree = "<group>"; };
		1BDBC1512118739800835296 /* secondTableViewCell.h */ = {isa = PBXFileReference; lastKnownFileType = sourcecode.c.h; path = secondTableViewCell.h; sourceTree = "<group>"; };
		1BDBC1522118739800835296 /* secondTableViewCell.m */ = {isa = PBXFileReference; lastKnownFileType = sourcecode.c.objc; path = secondTableViewCell.m; sourceTree = "<group>"; };
		1BDBC1542118747500835296 /* timg-13.jpeg */ = {isa = PBXFileReference; lastKnownFileType = image.jpeg; path = "timg-13.jpeg"; sourceTree = "<group>"; };
		1BDBC1562118762400835296 /* timg-3.jpeg */ = {isa = PBXFileReference; lastKnownFileType = image.jpeg; path = "timg-3.jpeg"; sourceTree = "<group>"; };
		1BDBC158211877ED00835296 /* 11.jpg */ = {isa = PBXFileReference; lastKnownFileType = image.jpeg; path = 11.jpg; sourceTree = "<group>"; };
		1BDBC15A211877F100835296 /* 15.jpg */ = {isa = PBXFileReference; lastKnownFileType = image.jpeg; path = 15.jpg; sourceTree = "<group>"; };
		1BDBC15C21187C7800835296 /* 16.jpg */ = {isa = PBXFileReference; lastKnownFileType = image.jpeg; path = 16.jpg; sourceTree = "<group>"; };
		1BDBC15E21187C7C00835296 /* 13.jpg */ = {isa = PBXFileReference; lastKnownFileType = image.jpeg; path = 13.jpg; sourceTree = "<group>"; };
		1BDBC16021187CE800835296 /* TXLViewController.h */ = {isa = PBXFileReference; lastKnownFileType = sourcecode.c.h; path = TXLViewController.h; sourceTree = "<group>"; };
		1BDBC16121187CE800835296 /* TXLViewController.m */ = {isa = PBXFileReference; lastKnownFileType = sourcecode.c.objc; path = TXLViewController.m; sourceTree = "<group>"; };
/* End PBXFileReference section */

/* Begin PBXFrameworksBuildPhase section */
		1BDBC1232118662C00835296 /* Frameworks */ = {
			isa = PBXFrameworksBuildPhase;
			buildActionMask = 2147483647;
			files = (
			);
			runOnlyForDeploymentPostprocessing = 0;
		};
/* End PBXFrameworksBuildPhase section */

/* Begin PBXGroup section */
		1BDBC11D2118662C00835296 = {
			isa = PBXGroup;
			children = (
				1BDBC1482118698600835296 /* 账户.png */,
				1BDBC14A211869A800835296 /* 关于.png */,
				1BDBC14C211869AE00835296 /* 朋友.png */,
				1BDBC1542118747500835296 /* timg-13.jpeg */,
				1BDBC1562118762400835296 /* timg-3.jpeg */,
				1BDBC158211877ED00835296 /* 11.jpg */,
				1BDBC15A211877F100835296 /* 15.jpg */,
				1BDBC15C21187C7800835296 /* 16.jpg */,
				1BDBC15E21187C7C00835296 /* 13.jpg */,
				1BDBC1282118662C00835296 /* text */,
				1BDBC1272118662C00835296 /* Products */,
			);
			sourceTree = "<group>";
		};
		1BDBC1272118662C00835296 /* Products */ = {
			isa = PBXGroup;
			children = (
				1BDBC1262118662C00835296 /* text.app */,
			);
			name = Products;
			sourceTree = "<group>";
		};
		1BDBC1282118662C00835296 /* text */ = {
			isa = PBXGroup;
			children = (
				1BDBC1292118662C00835296 /* AppDelegate.h */,
				1BDBC12A2118662C00835296 /* AppDelegate.m */,
				1BDBC12C2118662C00835296 /* ViewController.h */,
				1BDBC12D2118662C00835296 /* ViewController.m */,
				1BDBC13F211867AE00835296 /* dengluViewController.h */,
				1BDBC140211867AE00835296 /* dengluViewController.m */,
				1BDBC142211867B600835296 /* zhuceViewController.h */,
				1BDBC143211867B600835296 /* zhuceViewController.m */,
				1BDBC1452118693C00835296 /* pengyouquanViewController.h */,
				1BDBC1462118693C00835296 /* pengyouquanViewController.m */,
				1BDBC14E2118738F00835296 /* firstTableViewCell.h */,
				1BDBC14F2118738F00835296 /* firstTableViewCell.m */,
				1BDBC1512118739800835296 /* secondTableViewCell.h */,
				1BDBC1522118739800835296 /* secondTableViewCell.m */,
				1BDBC16021187CE800835296 /* TXLViewController.h */,
				1BDBC16121187CE800835296 /* TXLViewController.m */,
				1BDBC12F2118662C00835296 /* Main.storyboard */,
				1BDBC1322118662D00835296 /* Assets.xcassets */,
				1BDBC1342118662D00835296 /* LaunchScreen.storyboard */,
				1BDBC1372118662D00835296 /* Info.plist */,
				1BDBC1382118662D00835296 /* main.m */,
			);
			path = text;
			sourceTree = "<group>";
		};
/* End PBXGroup section */

/* Begin PBXNativeTarget section */
		1BDBC1252118662C00835296 /* text */ = {
			isa = PBXNativeTarget;
			buildConfigurationList = 1BDBC13C2118662D00835296 /* Build configuration list for PBXNativeTarget "text" */;
			buildPhases = (
				1BDBC1222118662C00835296 /* Sources */,
				1BDBC1232118662C00835296 /* Frameworks */,
				1BDBC1242118662C00835296 /* Resources */,
			);
			buildRules = (
			);
			dependencies = (
			);
			name = text;
			productName = text;
			productReference = 1BDBC1262118662C00835296 /* text.app */;
			productType = "com.apple.product-type.application";
		};
/* End PBXNativeTarget section */

/* Begin PBXProject section */
		1BDBC11E2118662C00835296 /* Project object */ = {
			isa = PBXProject;
			attributes = {
				LastUpgradeCheck = 0930;
				ORGANIZATIONNAME = "王一卓";
				TargetAttributes = {
					1BDBC1252118662C00835296 = {
						CreatedOnToolsVersion = 9.3.1;
					};
				};
			};
			buildConfigurationList = 1BDBC1212118662C00835296 /* Build configuration list for PBXProject "text" */;
			compatibilityVersion = "Xcode 9.3";
			developmentRegion = en;
			hasScannedForEncodings = 0;
			knownRegions = (
				en,
				Base,
			);
			mainGroup = 1BDBC11D2118662C00835296;
			productRefGroup = 1BDBC1272118662C00835296 /* Products */;
			projectDirPath = "";
			projectRoot = "";
			targets = (
				1BDBC1252118662C00835296 /* text */,
			);
		};
/* End PBXProject section */

/* Begin PBXResourcesBuildPhase section */
		1BDBC1242118662C00835296 /* Resources */ = {
			isa = PBXResourcesBuildPhase;
			buildActionMask = 2147483647;
			files = (
				1BDBC1572118762500835296 /* timg-3.jpeg in Resources */,
				1BDBC15F21187C7C00835296 /* 13.jpg in Resources */,
				1BDBC14B211869A800835296 /* 关于.png in Resources */,
				1BDBC1362118662D00835296 /* LaunchScreen.storyboard in Resources */,
				1BDBC159211877ED00835296 /* 11.jpg in Resources */,
				1BDBC1552118747600835296 /* timg-13.jpeg in Resources */,
				1BDBC15B211877F100835296 /* 15.jpg in Resources */,
				1BDBC1332118662D00835296 /* Assets.xcassets in Resources */,
				1BDBC15D21187C7800835296 /* 16.jpg in Resources */,
				1BDBC1492118698600835296 /* 账户.png in Resources */,
				1BDBC1312118662C00835296 /* Main.storyboard in Resources */,
				1BDBC14D211869AE00835296 /* 朋友.png in Resources */,
			);
			runOnlyForDeploymentPostprocessing = 0;
		};
/* End PBXResourcesBuildPhase section */

/* Begin PBXSourcesBuildPhase section */
		1BDBC1222118662C00835296 /* Sources */ = {
			isa = PBXSourcesBuildPhase;
			buildActionMask = 2147483647;
			files = (
				1BDBC12E2118662C00835296 /* ViewController.m in Sources */,
				1BDBC1502118738F00835296 /* firstTableViewCell.m in Sources */,
				1BDBC1472118693C00835296 /* pengyouquanViewController.m in Sources */,
				1BDBC1392118662D00835296 /* main.m in Sources */,
				1BDBC12B2118662C00835296 /* AppDelegate.m in Sources */,
				1BDBC144211867B600835296 /* zhuceViewController.m in Sources */,
				1BDBC141211867AE00835296 /* dengluViewController.m in Sources */,
				1BDBC16221187CE800835296 /* TXLViewController.m in Sources */,
				1BDBC1532118739800835296 /* secondTableViewCell.m in Sources */,
			);
			runOnlyForDeploymentPostprocessing = 0;
		};
/* End PBXSourcesBuildPhase section */

/* Begin PBXVariantGroup section */
		1BDBC12F2118662C00835296 /* Main.storyboard */ = {
			isa = PBXVariantGroup;
			children = (
				1BDBC1302118662C00835296 /* Base */,
			);
			name = Main.storyboard;
			sourceTree = "<group>";
		};
		1BDBC1342118662D00835296 /* LaunchScreen.storyboard */ = {
			isa = PBXVariantGroup;
			children = (
				1BDBC1352118662D00835296 /* Base */,
			);
			name = LaunchScreen.storyboard;
			sourceTree = "<group>";
		};
/* End PBXVariantGroup section */

/* Begin XCBuildConfiguration section */
		1BDBC13A2118662D00835296 /* Debug */ = {
			isa = XCBuildConfiguration;
			buildSettings = {
				ALWAYS_SEARCH_USER_PATHS = NO;
				CLANG_ANALYZER_NONNULL = YES;
				CLANG_ANALYZER_NUMBER_OBJECT_CONVERSION = YES_AGGRESSIVE;
				CLANG_CXX_LANGUAGE_STANDARD = "gnu++14";
				CLANG_CXX_LIBRARY = "libc++";
				CLANG_ENABLE_MODULES = YES;
				CLANG_ENABLE_OBJC_ARC = YES;
				CLANG_ENABLE_OBJC_WEAK = YES;
				CLANG_WARN_BLOCK_CAPTURE_AUTORELEASING = YES;
				CLANG_WARN_BOOL_CONVERSION = YES;
				CLANG_WARN_COMMA = YES;
				CLANG_WARN_CONSTANT_CONVERSION = YES;
				CLANG_WARN_DEPRECATED_OBJC_IMPLEMENTATIONS = YES;
				CLANG_WARN_DIRECT_OBJC_ISA_USAGE = YES_ERROR;
				CLANG_WARN_DOCUMENTATION_COMMENTS = YES;
				CLANG_WARN_EMPTY_BODY = YES;
				CLANG_WARN_ENUM_CONVERSION = YES;
				CLANG_WARN_INFINITE_RECURSION = YES;
				CLANG_WARN_INT_CONVERSION = YES;
				CLANG_WARN_NON_LITERAL_NULL_CONVERSION = YES;
				CLANG_WARN_OBJC_IMPLICIT_RETAIN_SELF = YES;
				CLANG_WARN_OBJC_LITERAL_CONVERSION = YES;
				CLANG_WARN_OBJC_ROOT_CLASS = YES_ERROR;
				CLANG_WARN_RANGE_LOOP_ANALYSIS = YES;
				CLANG_WARN_STRICT_PROTOTYPES = YES;
				CLANG_WARN_SUSPICIOUS_MOVE = YES;
				CLANG_WARN_UNGUARDED_AVAILABILITY = YES_AGGRESSIVE;
				CLANG_WARN_UNREACHABLE_CODE = YES;
				CLANG_WARN__DUPLICATE_METHOD_MATCH = YES;
				CODE_SIGN_IDENTITY = "iPhone Developer";
				COPY_PHASE_STRIP = NO;
				DEBUG_INFORMATION_FORMAT = dwarf;
				ENABLE_STRICT_OBJC_MSGSEND = YES;
				ENABLE_TESTABILITY = YES;
				GCC_C_LANGUAGE_STANDARD = gnu11;
				GCC_DYNAMIC_NO_PIC = NO;
				GCC_NO_COMMON_BLOCKS = YES;
				GCC_OPTIMIZATION_LEVEL = 0;
				GCC_PREPROCESSOR_DEFINITIONS = (
					"DEBUG=1",
					"$(inherited)",
				);
				GCC_WARN_64_TO_32_BIT_CONVERSION = YES;
				GCC_WARN_ABOUT_RETURN_TYPE = YES_ERROR;
				GCC_WARN_UNDECLARED_SELECTOR = YES;
				GCC_WARN_UNINITIALIZED_AUTOS = YES_AGGRESSIVE;
				GCC_WARN_UNUSED_FUNCTION = YES;
				GCC_WARN_UNUSED_VARIABLE = YES;
				IPHONEOS_DEPLOYMENT_TARGET = 11.3;
				MTL_ENABLE_DEBUG_INFO = YES;
				ONLY_ACTIVE_ARCH = YES;
				SDKROOT = iphoneos;
			};
			name = Debug;
		};
		1BDBC13B2118662D00835296 /* Release */ = {
			isa = XCBuildConfiguration;
			buildSettings = {
				ALWAYS_SEARCH_USER_PATHS = NO;
				CLANG_ANALYZER_NONNULL = YES;
				CLANG_ANALYZER_NUMBER_OBJECT_CONVERSION = YES_AGGRESSIVE;
				CLANG_CXX_LANGUAGE_STANDARD = "gnu++14";
				CLANG_CXX_LIBRARY = "libc++";
				CLANG_ENABLE_MODULES = YES;
				CLANG_ENABLE_OBJC_ARC = YES;
				CLANG_ENABLE_OBJC_WEAK = YES;
				CLANG_WARN_BLOCK_CAPTURE_AUTORELEASING = YES;
				CLANG_WARN_BOOL_CONVERSION = YES;
				CLANG_WARN_COMMA = YES;
				CLANG_WARN_CONSTANT_CONVERSION = YES;
				CLANG_WARN_DEPRECATED_OBJC_IMPLEMENTATIONS = YES;
				CLANG_WARN_DIRECT_OBJC_ISA_USAGE = YES_ERROR;
				CLANG_WARN_DOCUMENTATION_COMMENTS = YES;
				CLANG_WARN_EMPTY_BODY = YES;
				CLANG_WARN_ENUM_CONVERSION = YES;
				CLANG_WARN_INFINITE_RECURSION = YES;
				CLANG_WARN_INT_CONVERSION = YES;
				CLANG_WARN_NON_LITERAL_NULL_CONVERSION = YES;
				CLANG_WARN_OBJC_IMPLICIT_RETAIN_SELF = YES;
				CLANG_WARN_OBJC_LITERAL_CONVERSION = YES;
				CLANG_WARN_OBJC_ROOT_CLASS = YES_ERROR;
				CLANG_WARN_RANGE_LOOP_ANALYSIS = YES;
				CLANG_WARN_STRICT_PROTOTYPES = YES;
				CLANG_WARN_SUSPICIOUS_MOVE = YES;
				CLANG_WARN_UNGUARDED_AVAILABILITY = YES_AGGRESSIVE;
				CLANG_WARN_UNREACHABLE_CODE = YES;
				CLANG_WARN__DUPLICATE_METHOD_MATCH = YES;
				CODE_SIGN_IDENTITY = "iPhone Developer";
				COPY_PHASE_STRIP = NO;
				DEBUG_INFORMATION_FORMAT = "dwarf-with-dsym";
				ENABLE_NS_ASSERTIONS = NO;
				ENABLE_STRICT_OBJC_MSGSEND = YES;
				GCC_C_LANGUAGE_STANDARD = gnu11;
				GCC_NO_COMMON_BLOCKS = YES;
				GCC_WARN_64_TO_32_BIT_CONVERSION = YES;
				GCC_WARN_ABOUT_RETURN_TYPE = YES_ERROR;
				GCC_WARN_UNDECLARED_SELECTOR = YES;
				GCC_WARN_UNINITIALIZED_AUTOS = YES_AGGRESSIVE;
				GCC_WARN_UNUSED_FUNCTION = YES;
				GCC_WARN_UNUSED_VARIABLE = YES;
				IPHONEOS_DEPLOYMENT_TARGET = 11.3;
				MTL_ENABLE_DEBUG_INFO = NO;
				SDKROOT = iphoneos;
				VALIDATE_PRODUCT = YES;
			};
			name = Release;
		};
		1BDBC13D2118662D00835296 /* Debug */ = {
			isa = XCBuildConfiguration;
			buildSettings = {
				ASSETCATALOG_COMPILER_APPICON_NAME = AppIcon;
				CODE_SIGN_STYLE = Automatic;
				INFOPLIST_FILE = text/Info.plist;
				LD_RUNPATH_SEARCH_PATHS = (
					"$(inherited)",
					"@executable_path/Frameworks",
				);
				PRODUCT_BUNDLE_IDENTIFIER = "---.text";
				PRODUCT_NAME = "$(TARGET_NAME)";
				TARGETED_DEVICE_FAMILY = "1,2";
			};
			name = Debug;
		};
		1BDBC13E2118662D00835296 /* Release */ = {
			isa = XCBuildConfiguration;
			buildSettings = {
				ASSETCATALOG_COMPILER_APPICON_NAME = AppIcon;
				CODE_SIGN_STYLE = Automatic;
				INFOPLIST_FILE = text/Info.plist;
				LD_RUNPATH_SEARCH_PATHS = (
					"$(inherited)",
					"@executable_path/Frameworks",
				);
				PRODUCT_BUNDLE_IDENTIFIER = "---.text";
				PRODUCT_NAME = "$(TARGET_NAME)";
				TARGETED_DEVICE_FAMILY = "1,2";
			};
			name = Release;
		};
/* End XCBuildConfiguration section */

/* Begin XCConfigurationList section */
		1BDBC1212118662C00835296 /* Build configuration list for PBXProject "text" */ = {
			isa = XCConfigurationList;
			buildConfigurations = (
				1BDBC13A2118662D00835296 /* Debug */,
				1BDBC13B2118662D00835296 /* Release */,
			);
			defaultConfigurationIsVisible = 0;
			defaultConfigurationName = Release;
		};
		1BDBC13C2118662D00835296 /* Build configuration list for PBXNativeTarget "text" */ = {
			isa = XCConfigurationList;
			buildConfigurations = (
				1BDBC13D2118662D00835296 /* Debug */,
				1BDBC13E2118662D00835296 /* Release */,
			);
			defaultConfigurationIsVisible = 0;
			defaultConfigurationName = Release;
		};
/* End XCConfigurationList section */
	};
	rootObject = 1BDBC11E2118662C00835296 /* Project object */;
}
